{
  "version": 4,
  "terraform_version": "1.12.2",
  "serial": 13,
  "lineage": "5f6ed9f4-d959-90dd-508e-3c108fa7f6a8",
  "outputs": {},
  "resources": [
    {
      "mode": "managed",
      "type": "github_repository",
      "name": "integration-ip",
      "provider": "provider[\"registry.terraform.io/hashicorp/github\"]",
      "instances": [
        {
          "schema_version": 1,
          "attributes": {
            "allow_auto_merge": false,
            "allow_merge_commit": true,
            "allow_rebase_merge": true,
            "allow_squash_merge": true,
            "allow_update_branch": false,
            "archive_on_destroy": null,
            "archived": false,
            "auto_init": true,
            "default_branch": "main",
            "delete_branch_on_merge": false,
            "description": "Repository for integration IP management",
            "etag": "W/\"99620213219854c9040c017a6c1c643553465c6b8f45fff00a234f2c9be0905d\"",
            "full_name": "sridharashastry/integration-ip",
            "git_clone_url": "git://github.com/sridharashastry/integration-ip.git",
            "gitignore_template": null,
            "has_discussions": false,
            "has_downloads": false,
            "has_issues": false,
            "has_projects": false,
            "has_wiki": false,
            "homepage_url": "",
            "html_url": "https://github.com/sridharashastry/integration-ip",
            "http_clone_url": "https://github.com/sridharashastry/integration-ip.git",
            "id": "integration-ip",
            "ignore_vulnerability_alerts_during_read": null,
            "is_template": false,
            "license_template": null,
            "merge_commit_message": "PR_TITLE",
            "merge_commit_title": "MERGE_MESSAGE",
            "name": "integration-ip",
            "node_id": "R_kgDOO8WXkw",
            "pages": [],
            "primary_language": "",
            "private": false,
            "repo_id": 1002805139,
            "security_and_analysis": [
              {
                "advanced_security": [],
                "secret_scanning": [
                  {
                    "status": "enabled"
                  }
                ],
                "secret_scanning_push_protection": [
                  {
                    "status": "enabled"
                  }
                ]
              }
            ],
            "squash_merge_commit_message": "COMMIT_MESSAGES",
            "squash_merge_commit_title": "COMMIT_OR_PR_TITLE",
            "ssh_clone_url": "git@github.com:sridharashastry/integration-ip.git",
            "svn_url": "https://github.com/sridharashastry/integration-ip",
            "template": [],
            "topics": [],
            "visibility": "public",
            "vulnerability_alerts": false,
            "web_commit_signoff_required": false
          },
          "sensitive_attributes": [],
          "identity_schema_version": 0,
          "private": "eyJzY2hlbWFfdmVyc2lvbiI6IjEifQ=="
        }
      ]
    }
  ],
  "check_results": null
}
