{
  "version": 4,
  "terraform_version": "1.12.2",
  "serial": 6,
  "lineage": "0fd8aab7-b298-35a9-8af5-f7d57c187bbd",
  "outputs": {},
  "resources": [
    {
      "mode": "managed",
      "type": "azurerm_resource_group",
      "name": "integrations",
      "provider": "provider[\"registry.terraform.io/hashicorp/azurerm\"]",
      "instances": [
        {
          "schema_version": 0,
          "attributes": {
            "id": "/subscriptions/de50fe3f-7334-44a1-acee-f224cfa5a19d/resourceGroups/rg-integrations",
            "location": "westeurope",
            "managed_by": "",
            "name": "rg-integrations",
            "tags": {
              "cost_center": "Overwan Subscription",
              "environment": "development",
              "owner": "integration-team",
              "policy-applied": "yes",
              "project": "integration-ip"
            },
            "timeouts": null
          },
          "sensitive_attributes": [],
          "identity_schema_version": 0,
          "private": "eyJlMmJmYjczMC1lY2FhLTExZTYtOGY4OC0zNDM2M2JjN2M0YzAiOnsiY3JlYXRlIjo1NDAwMDAwMDAwMDAwLCJkZWxldGUiOjU0MDAwMDAwMDAwMDAsInJlYWQiOjMwMDAwMDAwMDAwMCwidXBkYXRlIjo1NDAwMDAwMDAwMDAwfX0="
        }
      ]
    }
  ],
  "check_results": null
}
